
Microsoft Visual Studio Solution File, Format Version 12.00
# Visual Studio Version 17
VisualStudioVersion = 17.4.33403.182
MinimumVisualStudioVersion = 10.0.40219.1
Project("{FAE04EC0-301F-11D3-BF4B-00C04F79EFBC}") = "Sitecore.DemoProject.MVC.Web", "Sitecore.DemoProject.MVC.Web\Sitecore.DemoProject.MVC.Web.csproj", "{B332FF54-6E55-4435-91F0-A90423E97C5A}"
EndProject
Global
	GlobalSection(SolutionConfigurationPlatforms) = preSolution
		Debug|Any CPU = Debug|Any CPU
		Release|Any CPU = Release|Any CPU
	EndGlobalSection
	GlobalSection(ProjectConfigurationPlatforms) = postSolution
		{B332FF54-6E55-4435-91F0-A90423E97C5A}.Debug|Any CPU.ActiveCfg = Debug|Any CPU
		{B332FF54-6E55-4435-91F0-A90423E97C5A}.Debug|Any CPU.Build.0 = Debug|Any CPU
		{B332FF54-6E55-4435-91F0-A90423E97C5A}.Release|Any CPU.ActiveCfg = Release|Any CPU
		{B332FF54-6E55-4435-91F0-A90423E97C5A}.Release|Any CPU.Build.0 = Release|Any CPU
	EndGlobalSection
	GlobalSection(SolutionProperties) = preSolution
		HideSolutionNode = FALSE
	EndGlobalSection
	GlobalSection(ExtensibilityGlobals) = postSolution
		SolutionGuid = {AF3DC1A7-214F-4E2D-A0AB-A36EDAB323A5}
	EndGlobalSection
EndGlobal
